
Microsoft Visual Studio Solution File, Format Version 12.00
# Visual Studio Version 17
VisualStudioVersion = 17.1.32228.430
MinimumVisualStudioVersion = 10.0.40219.1
Project("{FAE04EC0-301F-11D3-BF4B-00C04F79EFBC}") = "Ejemplo", "Ejemplo.csproj", "{81AA9672-2781-4188-B452-334BF1D2DAED}"
EndProject
Global
	GlobalSection(SolutionConfigurationPlatforms) = preSolution
		Debug|Any CPU = Debug|Any CPU
		Release|Any CPU = Release|Any CPU
	EndGlobalSection
	GlobalSection(ProjectConfigurationPlatforms) = postSolution
		{81AA9672-2781-4188-B452-334BF1D2DAED}.Debug|Any CPU.ActiveCfg = Debug|Any CPU
		{81AA9672-2781-4188-B452-334BF1D2DAED}.Debug|Any CPU.Build.0 = Debug|Any CPU
		{81AA9672-2781-4188-B452-334BF1D2DAED}.Release|Any CPU.ActiveCfg = Release|Any CPU
		{81AA9672-2781-4188-B452-334BF1D2DAED}.Release|Any CPU.Build.0 = Release|Any CPU
	EndGlobalSection
	GlobalSection(SolutionProperties) = preSolution
		HideSolutionNode = FALSE
	EndGlobalSection
	GlobalSection(ExtensibilityGlobals) = postSolution
		SolutionGuid = {21493468-ED8B-4EFC-9787-3AD420CDB326}
	EndGlobalSection
EndGlobal
